
Microsoft Visual Studio Solution File, Format Version 12.00
# Visual Studio 14
VisualStudioVersion = 14.0.25123.0
MinimumVisualStudioVersion = 10.0.40219.1
Project("{FAE04EC0-301F-11D3-BF4B-00C04F79EFBC}") = "Angular-Skeleton", "Angular-Skeleton\Angular-Skeleton.csproj", "{59C03DEC-3A06-4A32-A3A7-EDD3BCDFCBAA}"
EndProject
Project("{FAE04EC0-301F-11D3-BF4B-00C04F79EFBC}") = "Angular-Skeleton.Tests", "Angular-Skeleton.Tests\Angular-Skeleton.Tests.csproj", "{1E59E535-AB99-47DF-BE8A-6BF3859CF28C}"
EndProject
Global
	GlobalSection(SolutionConfigurationPlatforms) = preSolution
		Debug|Any CPU = Debug|Any CPU
		Release|Any CPU = Release|Any CPU
	EndGlobalSection
	GlobalSection(ProjectConfigurationPlatforms) = postSolution
		{59C03DEC-3A06-4A32-A3A7-EDD3BCDFCBAA}.Debug|Any CPU.ActiveCfg = Debug|Any CPU
		{59C03DEC-3A06-4A32-A3A7-EDD3BCDFCBAA}.Debug|Any CPU.Build.0 = Debug|Any CPU
		{59C03DEC-3A06-4A32-A3A7-EDD3BCDFCBAA}.Release|Any CPU.ActiveCfg = Release|Any CPU
		{59C03DEC-3A06-4A32-A3A7-EDD3BCDFCBAA}.Release|Any CPU.Build.0 = Release|Any CPU
		{1E59E535-AB99-47DF-BE8A-6BF3859CF28C}.Debug|Any CPU.ActiveCfg = Debug|Any CPU
		{1E59E535-AB99-47DF-BE8A-6BF3859CF28C}.Debug|Any CPU.Build.0 = Debug|Any CPU
		{1E59E535-AB99-47DF-BE8A-6BF3859CF28C}.Release|Any CPU.ActiveCfg = Release|Any CPU
		{1E59E535-AB99-47DF-BE8A-6BF3859CF28C}.Release|Any CPU.Build.0 = Release|Any CPU
	EndGlobalSection
	GlobalSection(SolutionProperties) = preSolution
		HideSolutionNode = FALSE
	EndGlobalSection
EndGlobal
